
Microsoft Visual Studio Solution File, Format Version 11.00
# Visual Studio 2010
Project("{8BC9CEB8-8B4A-11D0-8D11-00A0C91BC942}") = "libjingle", "..\vuece-libjingle\libjingle\libjingle.vcxproj", "{0F7FDCE5-D545-4212-B3CF-FA4312A0B7BA}"
EndProject
Project("{8BC9CEB8-8B4A-11D0-8D11-00A0C91BC942}") = "vuecepc", "vuecepc\vuecepc.vcxproj", "{E99967E9-0789-4232-A6BB-6A91359DE985}"
EndProject
Project("{8BC9CEB8-8B4A-11D0-8D11-00A0C91BC942}") = "tinyxml2", "..\vuece-libjingle\externals\tinyxml2\tinyxml2-master\tinyxml2\tinyxml2.vcxproj", "{16A1D446-5415-444E-A7B4-F35B7DA7EE8C}"
EndProject
Project("{8BC9CEB8-8B4A-11D0-8D11-00A0C91BC942}") = "zlib", "..\vuece-libjingle\externals\zlib\zlib\prj\zlib.vcxproj", "{C9BB147E-9C06-EBF0-7D2C-26A7C6D607A3}"
EndProject
Project("{8BC9CEB8-8B4A-11D0-8D11-00A0C91BC942}") = "libjpeg", "..\vuece-libjingle\externals\libjpeg\jpeg-6b\libjpeg\libjpeg.vcxproj", "{88D02C9E-9684-40F9-AEB8-2437111355DA}"
EndProject
Project("{2150E333-8FDC-42A3-9474-1A3956D46DE8}") = "Solution Items", "Solution Items", "{560ABC1E-BD00-4E41-8DE9-20B9DFB5C543}"
EndProject
Project("{8BC9CEB8-8B4A-11D0-8D11-00A0C91BC942}") = "libpng", "..\vuece-libjingle\externals\libpng\lpng162\projects\vs\libpng\libpng.vcxproj", "{DE810BF8-2FB4-4425-8D21-47DC95D1434C}"
EndProject
Project("{8BC9CEB8-8B4A-11D0-8D11-00A0C91BC942}") = "expat_static", "..\vuece-libjingle\externals\expat\lib\expat_static.vcxproj", "{1B0BCD2E-2709-308F-5363-5E382D2A7745}"
EndProject
Project("{8BC9CEB8-8B4A-11D0-8D11-00A0C91BC942}") = "jthread", "..\vuece-libjingle\externals\jthread\jthread.vcxproj", "{55876C16-337F-257E-5ECC-4EE1155CC88E}"
EndProject
Project("{8BC9CEB8-8B4A-11D0-8D11-00A0C91BC942}") = "tag", "..\vuece-libjingle\externals\taglib\taglib-1.8\taglib\tag.vcxproj", "{6D975CA9-3581-4A83-9D32-15AC60A1D04B}"
EndProject
Project("{8BC9CEB8-8B4A-11D0-8D11-00A0C91BC942}") = "libsqlite3", "..\vuece-libjingle\externals\sqlite\libsqlite3\libsqlite3.vcxproj", "{3494CEE9-A5FE-48C3-9727-9692AB9BF041}"
EndProject
Project("{8BC9CEB8-8B4A-11D0-8D11-00A0C91BC942}") = "libjson", "..\vuece-libjingle\externals\win\libjson\libjson.vcxproj", "{153A6FE5-40A9-4C31-B0C2-1C68D2E37BEA}"
EndProject
Global
	GlobalSection(SolutionConfigurationPlatforms) = preSolution
		Debug Dll|Win32 = Debug Dll|Win32
		Debug|Win32 = Debug|Win32
		MinSizeRel|Win32 = MinSizeRel|Win32
		NASM Debug|Win32 = NASM Debug|Win32
		NASM Release|Win32 = NASM Release|Win32
		Release Dll|Win32 = Release Dll|Win32
		Release|Win32 = Release|Win32
		RelWithDebInfo|Win32 = RelWithDebInfo|Win32
		small|Win32 = small|Win32
	EndGlobalSection
	GlobalSection(ProjectConfigurationPlatforms) = postSolution
		{0F7FDCE5-D545-4212-B3CF-FA4312A0B7BA}.Debug Dll|Win32.ActiveCfg = Debug|Win32
		{0F7FDCE5-D545-4212-B3CF-FA4312A0B7BA}.Debug Dll|Win32.Build.0 = Debug|Win32
		{0F7FDCE5-D545-4212-B3CF-FA4312A0B7BA}.Debug|Win32.ActiveCfg = Debug|Win32
		{0F7FDCE5-D545-4212-B3CF-FA4312A0B7BA}.Debug|Win32.Build.0 = Debug|Win32
		{0F7FDCE5-D545-4212-B3CF-FA4312A0B7BA}.MinSizeRel|Win32.ActiveCfg = Release|Win32
		{0F7FDCE5-D545-4212-B3CF-FA4312A0B7BA}.MinSizeRel|Win32.Build.0 = Release|Win32
		{0F7FDCE5-D545-4212-B3CF-FA4312A0B7BA}.NASM Debug|Win32.ActiveCfg = Debug|Win32
		{0F7FDCE5-D545-4212-B3CF-FA4312A0B7BA}.NASM Debug|Win32.Build.0 = Debug|Win32
		{0F7FDCE5-D545-4212-B3CF-FA4312A0B7BA}.NASM Release|Win32.ActiveCfg = Release|Win32
		{0F7FDCE5-D545-4212-B3CF-FA4312A0B7BA}.NASM Release|Win32.Build.0 = Release|Win32
		{0F7FDCE5-D545-4212-B3CF-FA4312A0B7BA}.Release Dll|Win32.ActiveCfg = Release|Win32
		{0F7FDCE5-D545-4212-B3CF-FA4312A0B7BA}.Release Dll|Win32.Build.0 = Release|Win32
		{0F7FDCE5-D545-4212-B3CF-FA4312A0B7BA}.Release|Win32.ActiveCfg = Release|Win32
		{0F7FDCE5-D545-4212-B3CF-FA4312A0B7BA}.Release|Win32.Build.0 = Release|Win32
		{0F7FDCE5-D545-4212-B3CF-FA4312A0B7BA}.RelWithDebInfo|Win32.ActiveCfg = Release|Win32
		{0F7FDCE5-D545-4212-B3CF-FA4312A0B7BA}.RelWithDebInfo|Win32.Build.0 = Release|Win32
		{0F7FDCE5-D545-4212-B3CF-FA4312A0B7BA}.small|Win32.ActiveCfg = Release|Win32
		{0F7FDCE5-D545-4212-B3CF-FA4312A0B7BA}.small|Win32.Build.0 = Release|Win32
		{E99967E9-0789-4232-A6BB-6A91359DE985}.Debug Dll|Win32.ActiveCfg = Debug|Win32
		{E99967E9-0789-4232-A6BB-6A91359DE985}.Debug Dll|Win32.Build.0 = Debug|Win32
		{E99967E9-0789-4232-A6BB-6A91359DE985}.Debug|Win32.ActiveCfg = Debug|Win32
		{E99967E9-0789-4232-A6BB-6A91359DE985}.Debug|Win32.Build.0 = Debug|Win32
		{E99967E9-0789-4232-A6BB-6A91359DE985}.MinSizeRel|Win32.ActiveCfg = Release|Win32
		{E99967E9-0789-4232-A6BB-6A91359DE985}.MinSizeRel|Win32.Build.0 = Release|Win32
		{E99967E9-0789-4232-A6BB-6A91359DE985}.NASM Debug|Win32.ActiveCfg = Debug|Win32
		{E99967E9-0789-4232-A6BB-6A91359DE985}.NASM Debug|Win32.Build.0 = Debug|Win32
		{E99967E9-0789-4232-A6BB-6A91359DE985}.NASM Release|Win32.ActiveCfg = Release|Win32
		{E99967E9-0789-4232-A6BB-6A91359DE985}.NASM Release|Win32.Build.0 = Release|Win32
		{E99967E9-0789-4232-A6BB-6A91359DE985}.Release Dll|Win32.ActiveCfg = Release|Win32
		{E99967E9-0789-4232-A6BB-6A91359DE985}.Release Dll|Win32.Build.0 = Release|Win32
		{E99967E9-0789-4232-A6BB-6A91359DE985}.Release|Win32.ActiveCfg = Release|Win32
		{E99967E9-0789-4232-A6BB-6A91359DE985}.Release|Win32.Build.0 = Release|Win32
		{E99967E9-0789-4232-A6BB-6A91359DE985}.RelWithDebInfo|Win32.ActiveCfg = Release|Win32
		{E99967E9-0789-4232-A6BB-6A91359DE985}.RelWithDebInfo|Win32.Build.0 = Release|Win32
		{E99967E9-0789-4232-A6BB-6A91359DE985}.small|Win32.ActiveCfg = Release|Win32
		{E99967E9-0789-4232-A6BB-6A91359DE985}.small|Win32.Build.0 = Release|Win32
		{16A1D446-5415-444E-A7B4-F35B7DA7EE8C}.Debug Dll|Win32.ActiveCfg = Debug|Win32
		{16A1D446-5415-444E-A7B4-F35B7DA7EE8C}.Debug Dll|Win32.Build.0 = Debug|Win32
		{16A1D446-5415-444E-A7B4-F35B7DA7EE8C}.Debug|Win32.ActiveCfg = Debug|Win32
		{16A1D446-5415-444E-A7B4-F35B7DA7EE8C}.Debug|Win32.Build.0 = Debug|Win32
		{16A1D446-5415-444E-A7B4-F35B7DA7EE8C}.MinSizeRel|Win32.ActiveCfg = Release|Win32
		{16A1D446-5415-444E-A7B4-F35B7DA7EE8C}.MinSizeRel|Win32.Build.0 = Release|Win32
		{16A1D446-5415-444E-A7B4-F35B7DA7EE8C}.NASM Debug|Win32.ActiveCfg = Debug|Win32
		{16A1D446-5415-444E-A7B4-F35B7DA7EE8C}.NASM Debug|Win32.Build.0 = Debug|Win32
		{16A1D446-5415-444E-A7B4-F35B7DA7EE8C}.NASM Release|Win32.ActiveCfg = Release|Win32
		{16A1D446-5415-444E-A7B4-F35B7DA7EE8C}.NASM Release|Win32.Build.0 = Release|Win32
		{16A1D446-5415-444E-A7B4-F35B7DA7EE8C}.Release Dll|Win32.ActiveCfg = Release|Win32
		{16A1D446-5415-444E-A7B4-F35B7DA7EE8C}.Release Dll|Win32.Build.0 = Release|Win32
		{16A1D446-5415-444E-A7B4-F35B7DA7EE8C}.Release|Win32.ActiveCfg = Release|Win32
		{16A1D446-5415-444E-A7B4-F35B7DA7EE8C}.Release|Win32.Build.0 = Release|Win32
		{16A1D446-5415-444E-A7B4-F35B7DA7EE8C}.RelWithDebInfo|Win32.ActiveCfg = Release|Win32
		{16A1D446-5415-444E-A7B4-F35B7DA7EE8C}.RelWithDebInfo|Win32.Build.0 = Release|Win32
		{16A1D446-5415-444E-A7B4-F35B7DA7EE8C}.small|Win32.ActiveCfg = Release|Win32
		{16A1D446-5415-444E-A7B4-F35B7DA7EE8C}.small|Win32.Build.0 = Release|Win32
		{C9BB147E-9C06-EBF0-7D2C-26A7C6D607A3}.Debug Dll|Win32.ActiveCfg = Debug|Win32
		{C9BB147E-9C06-EBF0-7D2C-26A7C6D607A3}.Debug Dll|Win32.Build.0 = Debug|Win32
		{C9BB147E-9C06-EBF0-7D2C-26A7C6D607A3}.Debug|Win32.ActiveCfg = Debug|Win32
		{C9BB147E-9C06-EBF0-7D2C-26A7C6D607A3}.Debug|Win32.Build.0 = Debug|Win32
		{C9BB147E-9C06-EBF0-7D2C-26A7C6D607A3}.MinSizeRel|Win32.ActiveCfg = Release|Win32
		{C9BB147E-9C06-EBF0-7D2C-26A7C6D607A3}.MinSizeRel|Win32.Build.0 = Release|Win32
		{C9BB147E-9C06-EBF0-7D2C-26A7C6D607A3}.NASM Debug|Win32.ActiveCfg = NASM Debug|Win32
		{C9BB147E-9C06-EBF0-7D2C-26A7C6D607A3}.NASM Debug|Win32.Build.0 = NASM Debug|Win32
		{C9BB147E-9C06-EBF0-7D2C-26A7C6D607A3}.NASM Release|Win32.ActiveCfg = NASM Release|Win32
		{C9BB147E-9C06-EBF0-7D2C-26A7C6D607A3}.NASM Release|Win32.Build.0 = NASM Release|Win32
		{C9BB147E-9C06-EBF0-7D2C-26A7C6D607A3}.Release Dll|Win32.ActiveCfg = Release|Win32
		{C9BB147E-9C06-EBF0-7D2C-26A7C6D607A3}.Release Dll|Win32.Build.0 = Release|Win32
		{C9BB147E-9C06-EBF0-7D2C-26A7C6D607A3}.Release|Win32.ActiveCfg = Release|Win32
		{C9BB147E-9C06-EBF0-7D2C-26A7C6D607A3}.Release|Win32.Build.0 = Release|Win32
		{C9BB147E-9C06-EBF0-7D2C-26A7C6D607A3}.RelWithDebInfo|Win32.ActiveCfg = Release|Win32
		{C9BB147E-9C06-EBF0-7D2C-26A7C6D607A3}.RelWithDebInfo|Win32.Build.0 = Release|Win32
		{C9BB147E-9C06-EBF0-7D2C-26A7C6D607A3}.small|Win32.ActiveCfg = Release|Win32
		{C9BB147E-9C06-EBF0-7D2C-26A7C6D607A3}.small|Win32.Build.0 = Release|Win32
		{88D02C9E-9684-40F9-AEB8-2437111355DA}.Debug Dll|Win32.ActiveCfg = Debug|Win32
		{88D02C9E-9684-40F9-AEB8-2437111355DA}.Debug Dll|Win32.Build.0 = Debug|Win32
		{88D02C9E-9684-40F9-AEB8-2437111355DA}.Debug|Win32.ActiveCfg = Debug|Win32
		{88D02C9E-9684-40F9-AEB8-2437111355DA}.Debug|Win32.Build.0 = Debug|Win32
		{88D02C9E-9684-40F9-AEB8-2437111355DA}.MinSizeRel|Win32.ActiveCfg = Release|Win32
		{88D02C9E-9684-40F9-AEB8-2437111355DA}.MinSizeRel|Win32.Build.0 = Release|Win32
		{88D02C9E-9684-40F9-AEB8-2437111355DA}.NASM Debug|Win32.ActiveCfg = Debug|Win32
		{88D02C9E-9684-40F9-AEB8-2437111355DA}.NASM Debug|Win32.Build.0 = Debug|Win32
		{88D02C9E-9684-40F9-AEB8-2437111355DA}.NASM Release|Win32.ActiveCfg = Release|Win32
		{88D02C9E-9684-40F9-AEB8-2437111355DA}.NASM Release|Win32.Build.0 = Release|Win32
		{88D02C9E-9684-40F9-AEB8-2437111355DA}.Release Dll|Win32.ActiveCfg = Release|Win32
		{88D02C9E-9684-40F9-AEB8-2437111355DA}.Release Dll|Win32.Build.0 = Release|Win32
		{88D02C9E-9684-40F9-AEB8-2437111355DA}.Release|Win32.ActiveCfg = Release|Win32
		{88D02C9E-9684-40F9-AEB8-2437111355DA}.Release|Win32.Build.0 = Release|Win32
		{88D02C9E-9684-40F9-AEB8-2437111355DA}.RelWithDebInfo|Win32.ActiveCfg = Release|Win32
		{88D02C9E-9684-40F9-AEB8-2437111355DA}.RelWithDebInfo|Win32.Build.0 = Release|Win32
		{88D02C9E-9684-40F9-AEB8-2437111355DA}.small|Win32.ActiveCfg = Release|Win32
		{88D02C9E-9684-40F9-AEB8-2437111355DA}.small|Win32.Build.0 = Release|Win32
		{DE810BF8-2FB4-4425-8D21-47DC95D1434C}.Debug Dll|Win32.ActiveCfg = Debug|Win32
		{DE810BF8-2FB4-4425-8D21-47DC95D1434C}.Debug Dll|Win32.Build.0 = Debug|Win32
		{DE810BF8-2FB4-4425-8D21-47DC95D1434C}.Debug|Win32.ActiveCfg = Debug|Win32
		{DE810BF8-2FB4-4425-8D21-47DC95D1434C}.Debug|Win32.Build.0 = Debug|Win32
		{DE810BF8-2FB4-4425-8D21-47DC95D1434C}.MinSizeRel|Win32.ActiveCfg = Release|Win32
		{DE810BF8-2FB4-4425-8D21-47DC95D1434C}.MinSizeRel|Win32.Build.0 = Release|Win32
		{DE810BF8-2FB4-4425-8D21-47DC95D1434C}.NASM Debug|Win32.ActiveCfg = Debug|Win32
		{DE810BF8-2FB4-4425-8D21-47DC95D1434C}.NASM Debug|Win32.Build.0 = Debug|Win32
		{DE810BF8-2FB4-4425-8D21-47DC95D1434C}.NASM Release|Win32.ActiveCfg = Release|Win32
		{DE810BF8-2FB4-4425-8D21-47DC95D1434C}.NASM Release|Win32.Build.0 = Release|Win32
		{DE810BF8-2FB4-4425-8D21-47DC95D1434C}.Release Dll|Win32.ActiveCfg = Release|Win32
		{DE810BF8-2FB4-4425-8D21-47DC95D1434C}.Release Dll|Win32.Build.0 = Release|Win32
		{DE810BF8-2FB4-4425-8D21-47DC95D1434C}.Release|Win32.ActiveCfg = Release|Win32
		{DE810BF8-2FB4-4425-8D21-47DC95D1434C}.Release|Win32.Build.0 = Release|Win32
		{DE810BF8-2FB4-4425-8D21-47DC95D1434C}.RelWithDebInfo|Win32.ActiveCfg = Release|Win32
		{DE810BF8-2FB4-4425-8D21-47DC95D1434C}.RelWithDebInfo|Win32.Build.0 = Release|Win32
		{DE810BF8-2FB4-4425-8D21-47DC95D1434C}.small|Win32.ActiveCfg = Release|Win32
		{DE810BF8-2FB4-4425-8D21-47DC95D1434C}.small|Win32.Build.0 = Release|Win32
		{1B0BCD2E-2709-308F-5363-5E382D2A7745}.Debug Dll|Win32.ActiveCfg = Debug|Win32
		{1B0BCD2E-2709-308F-5363-5E382D2A7745}.Debug Dll|Win32.Build.0 = Debug|Win32
		{1B0BCD2E-2709-308F-5363-5E382D2A7745}.Debug|Win32.ActiveCfg = Debug|Win32
		{1B0BCD2E-2709-308F-5363-5E382D2A7745}.Debug|Win32.Build.0 = Debug|Win32
		{1B0BCD2E-2709-308F-5363-5E382D2A7745}.MinSizeRel|Win32.ActiveCfg = Release|Win32
		{1B0BCD2E-2709-308F-5363-5E382D2A7745}.MinSizeRel|Win32.Build.0 = Release|Win32
		{1B0BCD2E-2709-308F-5363-5E382D2A7745}.NASM Debug|Win32.ActiveCfg = Debug|Win32
		{1B0BCD2E-2709-308F-5363-5E382D2A7745}.NASM Debug|Win32.Build.0 = Debug|Win32
		{1B0BCD2E-2709-308F-5363-5E382D2A7745}.NASM Release|Win32.ActiveCfg = Release|Win32
		{1B0BCD2E-2709-308F-5363-5E382D2A7745}.NASM Release|Win32.Build.0 = Release|Win32
		{1B0BCD2E-2709-308F-5363-5E382D2A7745}.Release Dll|Win32.ActiveCfg = Release|Win32
		{1B0BCD2E-2709-308F-5363-5E382D2A7745}.Release Dll|Win32.Build.0 = Release|Win32
		{1B0BCD2E-2709-308F-5363-5E382D2A7745}.Release|Win32.ActiveCfg = Release|Win32
		{1B0BCD2E-2709-308F-5363-5E382D2A7745}.Release|Win32.Build.0 = Release|Win32
		{1B0BCD2E-2709-308F-5363-5E382D2A7745}.RelWithDebInfo|Win32.ActiveCfg = Release|Win32
		{1B0BCD2E-2709-308F-5363-5E382D2A7745}.RelWithDebInfo|Win32.Build.0 = Release|Win32
		{1B0BCD2E-2709-308F-5363-5E382D2A7745}.small|Win32.ActiveCfg = Release|Win32
		{1B0BCD2E-2709-308F-5363-5E382D2A7745}.small|Win32.Build.0 = Release|Win32
		{55876C16-337F-257E-5ECC-4EE1155CC88E}.Debug Dll|Win32.ActiveCfg = Debug|Win32
		{55876C16-337F-257E-5ECC-4EE1155CC88E}.Debug Dll|Win32.Build.0 = Debug|Win32
		{55876C16-337F-257E-5ECC-4EE1155CC88E}.Debug|Win32.ActiveCfg = Debug|Win32
		{55876C16-337F-257E-5ECC-4EE1155CC88E}.Debug|Win32.Build.0 = Debug|Win32
		{55876C16-337F-257E-5ECC-4EE1155CC88E}.MinSizeRel|Win32.ActiveCfg = Release|Win32
		{55876C16-337F-257E-5ECC-4EE1155CC88E}.MinSizeRel|Win32.Build.0 = Release|Win32
		{55876C16-337F-257E-5ECC-4EE1155CC88E}.NASM Debug|Win32.ActiveCfg = Debug|Win32
		{55876C16-337F-257E-5ECC-4EE1155CC88E}.NASM Debug|Win32.Build.0 = Debug|Win32
		{55876C16-337F-257E-5ECC-4EE1155CC88E}.NASM Release|Win32.ActiveCfg = Release|Win32
		{55876C16-337F-257E-5ECC-4EE1155CC88E}.NASM Release|Win32.Build.0 = Release|Win32
		{55876C16-337F-257E-5ECC-4EE1155CC88E}.Release Dll|Win32.ActiveCfg = Release|Win32
		{55876C16-337F-257E-5ECC-4EE1155CC88E}.Release Dll|Win32.Build.0 = Release|Win32
		{55876C16-337F-257E-5ECC-4EE1155CC88E}.Release|Win32.ActiveCfg = Release|Win32
		{55876C16-337F-257E-5ECC-4EE1155CC88E}.Release|Win32.Build.0 = Release|Win32
		{55876C16-337F-257E-5ECC-4EE1155CC88E}.RelWithDebInfo|Win32.ActiveCfg = Release|Win32
		{55876C16-337F-257E-5ECC-4EE1155CC88E}.RelWithDebInfo|Win32.Build.0 = Release|Win32
		{55876C16-337F-257E-5ECC-4EE1155CC88E}.small|Win32.ActiveCfg = Release|Win32
		{55876C16-337F-257E-5ECC-4EE1155CC88E}.small|Win32.Build.0 = Release|Win32
		{6D975CA9-3581-4A83-9D32-15AC60A1D04B}.Debug Dll|Win32.ActiveCfg = Debug|Win32
		{6D975CA9-3581-4A83-9D32-15AC60A1D04B}.Debug Dll|Win32.Build.0 = Debug|Win32
		{6D975CA9-3581-4A83-9D32-15AC60A1D04B}.Debug|Win32.ActiveCfg = Debug|Win32
		{6D975CA9-3581-4A83-9D32-15AC60A1D04B}.Debug|Win32.Build.0 = Debug|Win32
		{6D975CA9-3581-4A83-9D32-15AC60A1D04B}.MinSizeRel|Win32.ActiveCfg = MinSizeRel|Win32
		{6D975CA9-3581-4A83-9D32-15AC60A1D04B}.MinSizeRel|Win32.Build.0 = MinSizeRel|Win32
		{6D975CA9-3581-4A83-9D32-15AC60A1D04B}.NASM Debug|Win32.ActiveCfg = Debug|Win32
		{6D975CA9-3581-4A83-9D32-15AC60A1D04B}.NASM Debug|Win32.Build.0 = Debug|Win32
		{6D975CA9-3581-4A83-9D32-15AC60A1D04B}.NASM Release|Win32.ActiveCfg = Release|Win32
		{6D975CA9-3581-4A83-9D32-15AC60A1D04B}.NASM Release|Win32.Build.0 = Release|Win32
		{6D975CA9-3581-4A83-9D32-15AC60A1D04B}.Release Dll|Win32.ActiveCfg = Release|Win32
		{6D975CA9-3581-4A83-9D32-15AC60A1D04B}.Release Dll|Win32.Build.0 = Release|Win32
		{6D975CA9-3581-4A83-9D32-15AC60A1D04B}.Release|Win32.ActiveCfg = Release|Win32
		{6D975CA9-3581-4A83-9D32-15AC60A1D04B}.Release|Win32.Build.0 = Release|Win32
		{6D975CA9-3581-4A83-9D32-15AC60A1D04B}.RelWithDebInfo|Win32.ActiveCfg = RelWithDebInfo|Win32
		{6D975CA9-3581-4A83-9D32-15AC60A1D04B}.RelWithDebInfo|Win32.Build.0 = RelWithDebInfo|Win32
		{6D975CA9-3581-4A83-9D32-15AC60A1D04B}.small|Win32.ActiveCfg = RelWithDebInfo|Win32
		{6D975CA9-3581-4A83-9D32-15AC60A1D04B}.small|Win32.Build.0 = RelWithDebInfo|Win32
		{3494CEE9-A5FE-48C3-9727-9692AB9BF041}.Debug Dll|Win32.ActiveCfg = Debug|Win32
		{3494CEE9-A5FE-48C3-9727-9692AB9BF041}.Debug Dll|Win32.Build.0 = Debug|Win32
		{3494CEE9-A5FE-48C3-9727-9692AB9BF041}.Debug|Win32.ActiveCfg = Debug|Win32
		{3494CEE9-A5FE-48C3-9727-9692AB9BF041}.Debug|Win32.Build.0 = Debug|Win32
		{3494CEE9-A5FE-48C3-9727-9692AB9BF041}.MinSizeRel|Win32.ActiveCfg = Release|Win32
		{3494CEE9-A5FE-48C3-9727-9692AB9BF041}.MinSizeRel|Win32.Build.0 = Release|Win32
		{3494CEE9-A5FE-48C3-9727-9692AB9BF041}.NASM Debug|Win32.ActiveCfg = Debug|Win32
		{3494CEE9-A5FE-48C3-9727-9692AB9BF041}.NASM Debug|Win32.Build.0 = Debug|Win32
		{3494CEE9-A5FE-48C3-9727-9692AB9BF041}.NASM Release|Win32.ActiveCfg = Release|Win32
		{3494CEE9-A5FE-48C3-9727-9692AB9BF041}.NASM Release|Win32.Build.0 = Release|Win32
		{3494CEE9-A5FE-48C3-9727-9692AB9BF041}.Release Dll|Win32.ActiveCfg = Release|Win32
		{3494CEE9-A5FE-48C3-9727-9692AB9BF041}.Release Dll|Win32.Build.0 = Release|Win32
		{3494CEE9-A5FE-48C3-9727-9692AB9BF041}.Release|Win32.ActiveCfg = Release|Win32
		{3494CEE9-A5FE-48C3-9727-9692AB9BF041}.Release|Win32.Build.0 = Release|Win32
		{3494CEE9-A5FE-48C3-9727-9692AB9BF041}.RelWithDebInfo|Win32.ActiveCfg = Release|Win32
		{3494CEE9-A5FE-48C3-9727-9692AB9BF041}.RelWithDebInfo|Win32.Build.0 = Release|Win32
		{3494CEE9-A5FE-48C3-9727-9692AB9BF041}.small|Win32.ActiveCfg = Release|Win32
		{3494CEE9-A5FE-48C3-9727-9692AB9BF041}.small|Win32.Build.0 = Release|Win32
		{153A6FE5-40A9-4C31-B0C2-1C68D2E37BEA}.Debug Dll|Win32.ActiveCfg = Debug|Win32
		{153A6FE5-40A9-4C31-B0C2-1C68D2E37BEA}.Debug Dll|Win32.Build.0 = Debug|Win32
		{153A6FE5-40A9-4C31-B0C2-1C68D2E37BEA}.Debug|Win32.ActiveCfg = Debug|Win32
		{153A6FE5-40A9-4C31-B0C2-1C68D2E37BEA}.Debug|Win32.Build.0 = Debug|Win32
		{153A6FE5-40A9-4C31-B0C2-1C68D2E37BEA}.MinSizeRel|Win32.ActiveCfg = small|Win32
		{153A6FE5-40A9-4C31-B0C2-1C68D2E37BEA}.MinSizeRel|Win32.Build.0 = small|Win32
		{153A6FE5-40A9-4C31-B0C2-1C68D2E37BEA}.NASM Debug|Win32.ActiveCfg = Debug|Win32
		{153A6FE5-40A9-4C31-B0C2-1C68D2E37BEA}.NASM Debug|Win32.Build.0 = Debug|Win32
		{153A6FE5-40A9-4C31-B0C2-1C68D2E37BEA}.NASM Release|Win32.ActiveCfg = Release|Win32
		{153A6FE5-40A9-4C31-B0C2-1C68D2E37BEA}.NASM Release|Win32.Build.0 = Release|Win32
		{153A6FE5-40A9-4C31-B0C2-1C68D2E37BEA}.Release Dll|Win32.ActiveCfg = Release|Win32
		{153A6FE5-40A9-4C31-B0C2-1C68D2E37BEA}.Release Dll|Win32.Build.0 = Release|Win32
		{153A6FE5-40A9-4C31-B0C2-1C68D2E37BEA}.Release|Win32.ActiveCfg = Release|Win32
		{153A6FE5-40A9-4C31-B0C2-1C68D2E37BEA}.Release|Win32.Build.0 = Release|Win32
		{153A6FE5-40A9-4C31-B0C2-1C68D2E37BEA}.RelWithDebInfo|Win32.ActiveCfg = Release|Win32
		{153A6FE5-40A9-4C31-B0C2-1C68D2E37BEA}.RelWithDebInfo|Win32.Build.0 = Release|Win32
		{153A6FE5-40A9-4C31-B0C2-1C68D2E37BEA}.small|Win32.ActiveCfg = small|Win32
		{153A6FE5-40A9-4C31-B0C2-1C68D2E37BEA}.small|Win32.Build.0 = small|Win32
	EndGlobalSection
	GlobalSection(SolutionProperties) = preSolution
		HideSolutionNode = FALSE
	EndGlobalSection
EndGlobal
